
Microsoft Visual Studio Solution File, Format Version 12.00
# Visual Studio Version 17
VisualStudioVersion = 17.1.32421.90
MinimumVisualStudioVersion = 10.0.40219.1
Project("{FAE04EC0-301F-11D3-BF4B-00C04F79EFBC}") = "Spotted-API", "Spotter-API\Spotted-API.csproj", "{CE849B12-74F0-4F35-9323-E42FB447224D}"
EndProject
Global
	GlobalSection(SolutionConfigurationPlatforms) = preSolution
		Debug|Any CPU = Debug|Any CPU
		Release|Any CPU = Release|Any CPU
	EndGlobalSection
	GlobalSection(ProjectConfigurationPlatforms) = postSolution
		{CE849B12-74F0-4F35-9323-E42FB447224D}.Debug|Any CPU.ActiveCfg = Debug|Any CPU
		{CE849B12-74F0-4F35-9323-E42FB447224D}.Debug|Any CPU.Build.0 = Debug|Any CPU
		{CE849B12-74F0-4F35-9323-E42FB447224D}.Release|Any CPU.ActiveCfg = Release|Any CPU
		{CE849B12-74F0-4F35-9323-E42FB447224D}.Release|Any CPU.Build.0 = Release|Any CPU
	EndGlobalSection
	GlobalSection(SolutionProperties) = preSolution
		HideSolutionNode = FALSE
	EndGlobalSection
	GlobalSection(ExtensibilityGlobals) = postSolution
		SolutionGuid = {6F2D6C90-CDC0-42C5-B1C9-53B71342EDAD}
	EndGlobalSection
EndGlobal
